{
    "name": "@bm1549/remote-mcp-cloudflare",
    "version": "0.3.0",
    "lockfileVersion": 3,
    "requires": true,
    "packages": {
        "": {
            "name": "@bm1549/remote-mcp-cloudflare",
            "version": "0.3.0",
            "license": "MIT",
            "dependencies": {
                "@cloudflare/workers-oauth-provider": "^0.8.3"
            },
            "devDependencies": {
                "@cloudflare/workers-types": "^4.20250404.0",
                "typescript": "^5.4.0"
            }
        },
        "node_modules/@cloudflare/workers-oauth-provider": {
            "version": "0.8.3",
            "resolved": "https://registry.npmjs.org/@cloudflare/workers-oauth-provider/-/workers-oauth-provider-0.8.3.tgz",
            "integrity": "sha512-5dIeQlJTDKAQvy3GcrtWBhPvTb9lHeRp/m8MoostTkcrbrGImH8zKSdJhogQ5YSTFUCg+b7FBg38b7KCM/x3VQ==",
            "license": "MIT"
        },
        "node_modules/@cloudflare/workers-types": {
            "version": "4.20260517.1",
            "resolved": "https://registry.npmjs.org/@cloudflare/workers-types/-/workers-types-4.20260517.1.tgz",
            "integrity": "sha512-OjavgX6VpYoWlKg2xPgLKIhBeiJvNdwFVK8E1P6hF02wh1oEt1sZpTzbp9kdohprqjXo6UVqs7/AuIH0wxIcbw==",
            "dev": true,
            "license": "MIT OR Apache-2.0"
        },
        "node_modules/typescript": {
            "version": "5.9.3",
            "resolved": "https://registry.npmjs.org/typescript/-/typescript-5.9.3.tgz",
            "integrity": "sha512-jl1vZzPDinLr9eUt3J/t7V6FgNEw9QjvBPdysz9KfQDD41fQrC2Y4vKQdiaUpFT4bXlb1RHhLpp8wtm6M5TgSw==",
            "dev": true,
            "license": "Apache-2.0",
            "bin": {
                "tsc": "bin/tsc",
                "tsserver": "bin/tsserver"
            },
            "engines": {
                "node": ">=14.17"
            }
        }
    }
}
